
Microsoft Visual Studio Solution File, Format Version 12.00
# Visual Studio Version 16
VisualStudioVersion = 16.0.31410.357
MinimumVisualStudioVersion = 10.0.40219.1
Project("{FAE04EC0-301F-11D3-BF4B-00C04F79EFBC}") = "pr-32_prakt15_5_OAP_ZhuravlevTimofeyVasilievich", "pr-32_prakt15_5_OAP_ZhuravlevTimofeyVasilievich\pr-32_prakt15_5_OAP_ZhuravlevTimofeyVasilievich.csproj", "{28F95B12-4254-4C95-B382-23FE73CAFC89}"
EndProject
Global
	GlobalSection(SolutionConfigurationPlatforms) = preSolution
		Debug|Any CPU = Debug|Any CPU
		Release|Any CPU = Release|Any CPU
	EndGlobalSection
	GlobalSection(ProjectConfigurationPlatforms) = postSolution
		{28F95B12-4254-4C95-B382-23FE73CAFC89}.Debug|Any CPU.ActiveCfg = Debug|Any CPU
		{28F95B12-4254-4C95-B382-23FE73CAFC89}.Debug|Any CPU.Build.0 = Debug|Any CPU
		{28F95B12-4254-4C95-B382-23FE73CAFC89}.Release|Any CPU.ActiveCfg = Release|Any CPU
		{28F95B12-4254-4C95-B382-23FE73CAFC89}.Release|Any CPU.Build.0 = Release|Any CPU
	EndGlobalSection
	GlobalSection(SolutionProperties) = preSolution
		HideSolutionNode = FALSE
	EndGlobalSection
	GlobalSection(ExtensibilityGlobals) = postSolution
		SolutionGuid = {6D1ED60F-D883-412B-8E3F-0778C55226F3}
	EndGlobalSection
EndGlobal
